
Microsoft Visual Studio Solution File, Format Version 12.00
# Visual Studio Version 17
VisualStudioVersion = 17.4.33205.214
MinimumVisualStudioVersion = 10.0.40219.1
Project("{FAE04EC0-301F-11D3-BF4B-00C04F79EFBC}") = "gitMergeTest", "gitMergeTest.csproj", "{91B047BC-FAFD-4F19-9C80-8BD01FBB9929}"
EndProject
Global
	GlobalSection(SolutionConfigurationPlatforms) = preSolution
		Debug|Any CPU = Debug|Any CPU
		Release|Any CPU = Release|Any CPU
	EndGlobalSection
	GlobalSection(ProjectConfigurationPlatforms) = postSolution
		{91B047BC-FAFD-4F19-9C80-8BD01FBB9929}.Debug|Any CPU.ActiveCfg = Debug|Any CPU
		{91B047BC-FAFD-4F19-9C80-8BD01FBB9929}.Debug|Any CPU.Build.0 = Debug|Any CPU
		{91B047BC-FAFD-4F19-9C80-8BD01FBB9929}.Release|Any CPU.ActiveCfg = Release|Any CPU
		{91B047BC-FAFD-4F19-9C80-8BD01FBB9929}.Release|Any CPU.Build.0 = Release|Any CPU
	EndGlobalSection
	GlobalSection(SolutionProperties) = preSolution
		HideSolutionNode = FALSE
	EndGlobalSection
	GlobalSection(ExtensibilityGlobals) = postSolution
		SolutionGuid = {80BD513B-53C1-433B-A0E2-E2A092078ADE}
	EndGlobalSection
EndGlobal
